// !$*UTF8*$!
{
	archiveVersion = 1;
	classes = {
	};
	objectVersion = 46;
	objects = {

/* Begin PBXBuildFile section */
		79F23F6A1794A9C400DEF2E5 /* UIKit.framework in Frameworks */ = {isa = PBXBuildFile; fileRef = 79F23F691794A9C400DEF2E5 /* UIKit.framework */; };
		79F23F6C1794A9C400DEF2E5 /* Foundation.framework in Frameworks */ = {isa = PBXBuildFile; fileRef = 79F23F6B1794A9C400DEF2E5 /* Foundation.framework */; };
		79F23F6E1794A9C400DEF2E5 /* CoreGraphics.framework in Frameworks */ = {isa = PBXBuildFile; fileRef = 79F23F6D1794A9C400DEF2E5 /* CoreGraphics.framework */; };
		79F23F701794A9C400DEF2E5 /* CoreData.framework in Frameworks */ = {isa = PBXBuildFile; fileRef = 79F23F6F1794A9C400DEF2E5 /* CoreData.framework */; };
		79F23F761794A9C400DEF2E5 /* InfoPlist.strings in Resources */ = {isa = PBXBuildFile; fileRef = 79F23F741794A9C400DEF2E5 /* InfoPlist.strings */; };
		79F23F781794A9C400DEF2E5 /* main.m in Sources */ = {isa = PBXBuildFile; fileRef = 79F23F771794A9C400DEF2E5 /* main.m */; };
		79F23F7C1794A9C500DEF2E5 /* GCAppDelegate.m in Sources */ = {isa = PBXBuildFile; fileRef = 79F23F7B1794A9C500DEF2E5 /* GCAppDelegate.m */; };
		79F23F7E1794A9C500DEF2E5 /* Default.png in Resources */ = {isa = PBXBuildFile; fileRef = 79F23F7D1794A9C500DEF2E5 /* Default.png */; };
		79F23F801794A9C500DEF2E5 /* Default@2x.png in Resources */ = {isa = PBXBuildFile; fileRef = 79F23F7F1794A9C500DEF2E5 /* Default@2x.png */; };
		79F23F821794A9C500DEF2E5 /* Default-568h@2x.png in Resources */ = {isa = PBXBuildFile; fileRef = 79F23F811794A9C500DEF2E5 /* Default-568h@2x.png */; };
		79F23F851794A9C500DEF2E5 /* Great_Convos.xcdatamodeld in Sources */ = {isa = PBXBuildFile; fileRef = 79F23F831794A9C500DEF2E5 /* Great_Convos.xcdatamodeld */; };
		79F23F881794A9C500DEF2E5 /* GCMasterViewController.m in Sources */ = {isa = PBXBuildFile; fileRef = 79F23F871794A9C500DEF2E5 /* GCMasterViewController.m */; };
		79F23F8B1794A9C500DEF2E5 /* GCDetailViewController.m in Sources */ = {isa = PBXBuildFile; fileRef = 79F23F8A1794A9C500DEF2E5 /* GCDetailViewController.m */; };
		79F23F8E1794A9C500DEF2E5 /* GCMasterViewController_iPhone.xib in Resources */ = {isa = PBXBuildFile; fileRef = 79F23F8C1794A9C500DEF2E5 /* GCMasterViewController_iPhone.xib */; };
		79F23F911794A9C500DEF2E5 /* GCMasterViewController_iPad.xib in Resources */ = {isa = PBXBuildFile; fileRef = 79F23F8F1794A9C500DEF2E5 /* GCMasterViewController_iPad.xib */; };
		79F23F941794A9C500DEF2E5 /* GCDetailViewController_iPhone.xib in Resources */ = {isa = PBXBuildFile; fileRef = 79F23F921794A9C500DEF2E5 /* GCDetailViewController_iPhone.xib */; };
		79F23F971794A9C500DEF2E5 /* GCDetailViewController_iPad.xib in Resources */ = {isa = PBXBuildFile; fileRef = 79F23F951794A9C500DEF2E5 /* GCDetailViewController_iPad.xib */; };
		79F23FA01794AE2800DEF2E5 /* Conversation.m in Sources */ = {isa = PBXBuildFile; fileRef = 79F23F9F1794AE2800DEF2E5 /* Conversation.m */; };
		79F23FA81794AF9500DEF2E5 /* GCNewConversationVC.m in Sources */ = {isa = PBXBuildFile; fileRef = 79F23FA61794AF9500DEF2E5 /* GCNewConversationVC.m */; };
		79F23FA91794AF9500DEF2E5 /* GCNewConversationVC-iPhone.xib in Resources */ = {isa = PBXBuildFile; fileRef = 79F23FA71794AF9500DEF2E5 /* GCNewConversationVC-iPhone.xib */; };
		79F23FCF1794C27100DEF2E5 /* NSAttributedString+MGTrim.m in Sources */ = {isa = PBXBuildFile; fileRef = 79F23FAE1794C27100DEF2E5 /* NSAttributedString+MGTrim.m */; };
		79F23FD01794C27100DEF2E5 /* NSObject+MGEvents.m in Sources */ = {isa = PBXBuildFile; fileRef = 79F23FB01794C27100DEF2E5 /* NSObject+MGEvents.m */; };
		79F23FD11794C27100DEF2E5 /* UIColor+MGExpanded.m in Sources */ = {isa = PBXBuildFile; fileRef = 79F23FB21794C27100DEF2E5 /* UIColor+MGExpanded.m */; };
		79F23FD21794C27100DEF2E5 /* UIControl+MGEvents.m in Sources */ = {isa = PBXBuildFile; fileRef = 79F23FB41794C27100DEF2E5 /* UIControl+MGEvents.m */; };
		79F23FD31794C27100DEF2E5 /* UIResponder+FirstResponder.m in Sources */ = {isa = PBXBuildFile; fileRef = 79F23FB61794C27100DEF2E5 /* UIResponder+FirstResponder.m */; };
		79F23FD41794C27100DEF2E5 /* UIView+MGEasyFrame.m in Sources */ = {isa = PBXBuildFile; fileRef = 79F23FB81794C27100DEF2E5 /* UIView+MGEasyFrame.m */; };
		79F23FD51794C27100DEF2E5 /* MGBlockWrapper.m in Sources */ = {isa = PBXBuildFile; fileRef = 79F23FBB1794C27100DEF2E5 /* MGBlockWrapper.m */; };
		79F23FD61794C27100DEF2E5 /* MGBox.m in Sources */ = {isa = PBXBuildFile; fileRef = 79F23FBD1794C27100DEF2E5 /* MGBox.m */; };
		79F23FD71794C27100DEF2E5 /* MGButton.m in Sources */ = {isa = PBXBuildFile; fileRef = 79F23FBF1794C27100DEF2E5 /* MGButton.m */; };
		79F23FD81794C27100DEF2E5 /* MGLayoutManager.m in Sources */ = {isa = PBXBuildFile; fileRef = 79F23FC21794C27100DEF2E5 /* MGLayoutManager.m */; };
		79F23FD91794C27100DEF2E5 /* MGLine.m in Sources */ = {isa = PBXBuildFile; fileRef = 79F23FC41794C27100DEF2E5 /* MGLine.m */; };
		79F23FDA1794C27100DEF2E5 /* MGLineStyled.m in Sources */ = {isa = PBXBuildFile; fileRef = 79F23FC61794C27100DEF2E5 /* MGLineStyled.m */; };
		79F23FDB1794C27100DEF2E5 /* MGMushParser.m in Sources */ = {isa = PBXBuildFile; fileRef = 79F23FC81794C27100DEF2E5 /* MGMushParser.m */; };
		79F23FDC1794C27100DEF2E5 /* MGScrollView.m in Sources */ = {isa = PBXBuildFile; fileRef = 79F23FCA1794C27100DEF2E5 /* MGScrollView.m */; };
		79F23FDD1794C27100DEF2E5 /* MGTableBox.m in Sources */ = {isa = PBXBuildFile; fileRef = 79F23FCC1794C27100DEF2E5 /* MGTableBox.m */; };
		79F23FDE1794C27100DEF2E5 /* MGTableBoxStyled.m in Sources */ = {isa = PBXBuildFile; fileRef = 79F23FCE1794C27100DEF2E5 /* MGTableBoxStyled.m */; };
		79F23FEB1794C4E000DEF2E5 /* GCRootViewController.m in Sources */ = {isa = PBXBuildFile; fileRef = 79F23FE91794C4E000DEF2E5 /* GCRootViewController.m */; };
		79F23FEC1794C4E000DEF2E5 /* GCRootViewController-iPhone.xib in Resources */ = {isa = PBXBuildFile; fileRef = 79F23FEA1794C4E000DEF2E5 /* GCRootViewController-iPhone.xib */; };
		79F23FEF1794C74000DEF2E5 /* patternsquare_green@2x.png in Resources */ = {isa = PBXBuildFile; fileRef = 79F23FEE1794C74000DEF2E5 /* patternsquare_green@2x.png */; };
		79F23FF11794CF2C00DEF2E5 /* QuartzCore.framework in Frameworks */ = {isa = PBXBuildFile; fileRef = 79F23FF01794CF2C00DEF2E5 /* QuartzCore.framework */; };
		79F23FF41794CF3200DEF2E5 /* AVFoundation.framework in Frameworks */ = {isa = PBXBuildFile; fileRef = 79F23FF21794CF3200DEF2E5 /* AVFoundation.framework */; };
		79F23FF51794CF3200DEF2E5 /* CoreText.framework in Frameworks */ = {isa = PBXBuildFile; fileRef = 79F23FF31794CF3200DEF2E5 /* CoreText.framework */; };
		79F23FF61794CFEE00DEF2E5 /* NoteView.m in Sources */ = {isa = PBXBuildFile; fileRef = 79F23FE01794C28300DEF2E5 /* NoteView.m */; };
		79F86A341795E144006CC358 /* Social.framework in Frameworks */ = {isa = PBXBuildFile; fileRef = 79F86A331795E144006CC358 /* Social.framework */; };
		79F86A731795E823006CC358 /* MagicalImportFunctions.m in Sources */ = {isa = PBXBuildFile; fileRef = 79F86A3B1795E823006CC358 /* MagicalImportFunctions.m */; };
		79F86A741795E823006CC358 /* NSAttributeDescription+MagicalDataImport.m in Sources */ = {isa = PBXBuildFile; fileRef = 79F86A3D1795E823006CC358 /* NSAttributeDescription+MagicalDataImport.m */; };
		79F86A751795E823006CC358 /* NSEntityDescription+MagicalDataImport.m in Sources */ = {isa = PBXBuildFile; fileRef = 79F86A3F1795E823006CC358 /* NSEntityDescription+MagicalDataImport.m */; };
		79F86A761795E823006CC358 /* NSNumber+MagicalDataImport.m in Sources */ = {isa = PBXBuildFile; fileRef = 79F86A411795E823006CC358 /* NSNumber+MagicalDataImport.m */; };
		79F86A771795E823006CC358 /* NSObject+MagicalDataImport.m in Sources */ = {isa = PBXBuildFile; fileRef = 79F86A431795E823006CC358 /* NSObject+MagicalDataImport.m */; };
		79F86A781795E823006CC358 /* NSRelationshipDescription+MagicalDataImport.m in Sources */ = {isa = PBXBuildFile; fileRef = 79F86A451795E823006CC358 /* NSRelationshipDescription+MagicalDataImport.m */; };
		79F86A791795E823006CC358 /* NSString+MagicalDataImport.m in Sources */ = {isa = PBXBuildFile; fileRef = 79F86A471795E823006CC358 /* NSString+MagicalDataImport.m */; };
		79F86A7A1795E823006CC358 /* NSManagedObject+MagicalAggregation.m in Sources */ = {isa = PBXBuildFile; fileRef = 79F86A4A1795E823006CC358 /* NSManagedObject+MagicalAggregation.m */; };
		79F86A7B1795E823006CC358 /* NSManagedObject+MagicalDataImport.m in Sources */ = {isa = PBXBuildFile; fileRef = 79F86A4C1795E823006CC358 /* NSManagedObject+MagicalDataImport.m */; };
		79F86A7C1795E823006CC358 /* NSManagedObject+MagicalFinders.m in Sources */ = {isa = PBXBuildFile; fileRef = 79F86A4E1795E823006CC358 /* NSManagedObject+MagicalFinders.m */; };
		79F86A7D1795E823006CC358 /* NSManagedObject+MagicalRecord.m in Sources */ = {isa = PBXBuildFile; fileRef = 79F86A501795E823006CC358 /* NSManagedObject+MagicalRecord.m */; };
		79F86A7E1795E823006CC358 /* NSManagedObject+MagicalRequests.m in Sources */ = {isa = PBXBuildFile; fileRef = 79F86A521795E823006CC358 /* NSManagedObject+MagicalRequests.m */; };
		79F86A7F1795E823006CC358 /* NSManagedObjectContext+MagicalObserving.m in Sources */ = {isa = PBXBuildFile; fileRef = 79F86A551795E823006CC358 /* NSManagedObjectContext+MagicalObserving.m */; };
		79F86A801795E823006CC358 /* NSManagedObjectContext+MagicalRecord.m in Sources */ = {isa = PBXBuildFile; fileRef = 79F86A571795E823006CC358 /* NSManagedObjectContext+MagicalRecord.m */; };
		79F86A811795E823006CC358 /* NSManagedObjectContext+MagicalSaves.m in Sources */ = {isa = PBXBuildFile; fileRef = 79F86A591795E823006CC358 /* NSManagedObjectContext+MagicalSaves.m */; };
		79F86A821795E823006CC358 /* NSManagedObjectContext+MagicalThreading.m in Sources */ = {isa = PBXBuildFile; fileRef = 79F86A5B1795E823006CC358 /* NSManagedObjectContext+MagicalThreading.m */; };
		79F86A831795E823006CC358 /* NSManagedObjectModel+MagicalRecord.m in Sources */ = {isa = PBXBuildFile; fileRef = 79F86A5D1795E823006CC358 /* NSManagedObjectModel+MagicalRecord.m */; };
		79F86A841795E823006CC358 /* NSPersistentStore+MagicalRecord.m in Sources */ = {isa = PBXBuildFile; fileRef = 79F86A5F1795E823006CC358 /* NSPersistentStore+MagicalRecord.m */; };
		79F86A851795E823006CC358 /* NSPersistentStoreCoordinator+MagicalRecord.m in Sources */ = {isa = PBXBuildFile; fileRef = 79F86A611795E823006CC358 /* NSPersistentStoreCoordinator+MagicalRecord.m */; };
		79F86A861795E823006CC358 /* MagicalRecord+Actions.m in Sources */ = {isa = PBXBuildFile; fileRef = 79F86A641795E823006CC358 /* MagicalRecord+Actions.m */; };
		79F86A871795E823006CC358 /* MagicalRecord+ErrorHandling.m in Sources */ = {isa = PBXBuildFile; fileRef = 79F86A661795E823006CC358 /* MagicalRecord+ErrorHandling.m */; };
		79F86A881795E823006CC358 /* MagicalRecord+iCloud.m in Sources */ = {isa = PBXBuildFile; fileRef = 79F86A681795E823006CC358 /* MagicalRecord+iCloud.m */; };
		79F86A891795E823006CC358 /* MagicalRecord+Options.m in Sources */ = {isa = PBXBuildFile; fileRef = 79F86A6A1795E823006CC358 /* MagicalRecord+Options.m */; };
		79F86A8A1795E823006CC358 /* MagicalRecord+Setup.m in Sources */ = {isa = PBXBuildFile; fileRef = 79F86A6C1795E823006CC358 /* MagicalRecord+Setup.m */; };
		79F86A8B1795E823006CC358 /* MagicalRecord+ShorthandSupport.m in Sources */ = {isa = PBXBuildFile; fileRef = 79F86A6E1795E823006CC358 /* MagicalRecord+ShorthandSupport.m */; };
		79F86A8C1795E823006CC358 /* MagicalRecord.m in Sources */ = {isa = PBXBuildFile; fileRef = 79F86A701795E823006CC358 /* MagicalRecord.m */; };
		79F86A911795F4B6006CC358 /* GCConversationCell-iPhone.xib in Resources */ = {isa = PBXBuildFile; fileRef = 79F86A901795F4B6006CC358 /* GCConversationCell-iPhone.xib */; };
		79F86A9417986259006CC358 /* GCConversationCell.m in Sources */ = {isa = PBXBuildFile; fileRef = 79F86A9317986259006CC358 /* GCConversationCell.m */; };
/* End PBXBuildFile section */

/* Begin PBXFileReference section */
		79F23F661794A9C400DEF2E5 /* Great Convos.app */ = {isa = PBXFileReference; explicitFileType = wrapper.application; includeInIndex = 0; path = "Great Convos.app"; sourceTree = BUILT_PRODUCTS_DIR; };
		79F23F691794A9C400DEF2E5 /* UIKit.framework */ = {isa = PBXFileReference; lastKnownFileType = wrapper.framework; name = UIKit.framework; path = System/Library/Frameworks/UIKit.framework; sourceTree = SDKROOT; };
		79F23F6B1794A9C400DEF2E5 /* Foundation.framework */ = {isa = PBXFileReference; lastKnownFileType = wrapper.framework; name = Foundation.framework; path = System/Library/Frameworks/Foundation.framework; sourceTree = SDKROOT; };
		79F23F6D1794A9C400DEF2E5 /* CoreGraphics.framework */ = {isa = PBXFileReference; lastKnownFileType = wrapper.framework; name = CoreGraphics.framework; path = System/Library/Frameworks/CoreGraphics.framework; sourceTree = SDKROOT; };
		79F23F6F1794A9C400DEF2E5 /* CoreData.framework */ = {isa = PBXFileReference; lastKnownFileType = wrapper.framework; name = CoreData.framework; path = System/Library/Frameworks/CoreData.framework; sourceTree = SDKROOT; };
		79F23F731794A9C400DEF2E5 /* Great Convos-Info.plist */ = {isa = PBXFileReference; lastKnownFileType = text.plist.xml; path = "Great Convos-Info.plist"; sourceTree = "<group>"; };
		79F23F751794A9C400DEF2E5 /* en */ = {isa = PBXFileReference; lastKnownFileType = text.plist.strings; name = en; path = en.lproj/InfoPlist.strings; sourceTree = "<group>"; };
		79F23F771794A9C400DEF2E5 /* main.m */ = {isa = PBXFileReference; lastKnownFileType = sourcecode.c.objc; path = main.m; sourceTree = "<group>"; };
		79F23F791794A9C400DEF2E5 /* Great Convos-Prefix.pch */ = {isa = PBXFileReference; lastKnownFileType = sourcecode.c.h; path = "Great Convos-Prefix.pch"; sourceTree = "<group>"; };
		79F23F7A1794A9C500DEF2E5 /* GCAppDelegate.h */ = {isa = PBXFileReference; lastKnownFileType = sourcecode.c.h; path = GCAppDelegate.h; sourceTree = "<group>"; };
		79F23F7B1794A9C500DEF2E5 /* GCAppDelegate.m */ = {isa = PBXFileReference; lastKnownFileType = sourcecode.c.objc; path = GCAppDelegate.m; sourceTree = "<group>"; };
		79F23F7D1794A9C500DEF2E5 /* Default.png */ = {isa = PBXFileReference; lastKnownFileType = image.png; path = Default.png; sourceTree = "<group>"; };
		79F23F7F1794A9C500DEF2E5 /* Default@2x.png */ = {isa = PBXFileReference; lastKnownFileType = image.png; path = "Default@2x.png"; sourceTree = "<group>"; };
		79F23F811794A9C500DEF2E5 /* Default-568h@2x.png */ = {isa = PBXFileReference; lastKnownFileType = image.png; path = "Default-568h@2x.png"; sourceTree = "<group>"; };
		79F23F841794A9C500DEF2E5 /* Great_Convos.xcdatamodel */ = {isa = PBXFileReference; lastKnownFileType = wrapper.xcdatamodel; path = Great_Convos.xcdatamodel; sourceTree = "<group>"; };
		79F23F861794A9C500DEF2E5 /* GCMasterViewController.h */ = {isa = PBXFileReference; lastKnownFileType = sourcecode.c.h; path = GCMasterViewController.h; sourceTree = "<group>"; };
		79F23F871794A9C500DEF2E5 /* GCMasterViewController.m */ = {isa = PBXFileReference; lastKnownFileType = sourcecode.c.objc; path = GCMasterViewController.m; sourceTree = "<group>"; };
		79F23F891794A9C500DEF2E5 /* GCDetailViewController.h */ = {isa = PBXFileReference; lastKnownFileType = sourcecode.c.h; path = GCDetailViewController.h; sourceTree = "<group>"; };
		79F23F8A1794A9C500DEF2E5 /* GCDetailViewController.m */ = {isa = PBXFileReference; lastKnownFileType = sourcecode.c.objc; path = GCDetailViewController.m; sourceTree = "<group>"; };
		79F23F8D1794A9C500DEF2E5 /* en */ = {isa = PBXFileReference; lastKnownFileType = file.xib; name = en; path = en.lproj/GCMasterViewController_iPhone.xib; sourceTree = "<group>"; };
		79F23F901794A9C500DEF2E5 /* en */ = {isa = PBXFileReference; lastKnownFileType = file.xib; name = en; path = en.lproj/GCMasterViewController_iPad.xib; sourceTree = "<group>"; };
		79F23F931794A9C500DEF2E5 /* en */ = {isa = PBXFileReference; lastKnownFileType = file.xib; name = en; path = en.lproj/GCDetailViewController_iPhone.xib; sourceTree = "<group>"; };
		79F23F961794A9C500DEF2E5 /* en */ = {isa = PBXFileReference; lastKnownFileType = file.xib; name = en; path = en.lproj/GCDetailViewController_iPad.xib; sourceTree = "<group>"; };
		79F23F9E1794AE2800DEF2E5 /* Conversation.h */ = {isa = PBXFileReference; fileEncoding = 4; lastKnownFileType = sourcecode.c.h; path = Conversation.h; sourceTree = "<group>"; };
		79F23F9F1794AE2800DEF2E5 /* Conversation.m */ = {isa = PBXFileReference; fileEncoding = 4; lastKnownFileType = sourcecode.c.objc; path = Conversation.m; sourceTree = "<group>"; };
		79F23FA51794AF9500DEF2E5 /* GCNewConversationVC.h */ = {isa = PBXFileReference; fileEncoding = 4; lastKnownFileType = sourcecode.c.h; path = GCNewConversationVC.h; sourceTree = "<group>"; };
		79F23FA61794AF9500DEF2E5 /* GCNewConversationVC.m */ = {isa = PBXFileReference; fileEncoding = 4; lastKnownFileType = sourcecode.c.objc; path = GCNewConversationVC.m; sourceTree = "<group>"; };
		79F23FA71794AF9500DEF2E5 /* GCNewConversationVC-iPhone.xib */ = {isa = PBXFileReference; fileEncoding = 4; lastKnownFileType = file.xib; path = "GCNewConversationVC-iPhone.xib"; sourceTree = "<group>"; };
		79F23FAD1794C27100DEF2E5 /* NSAttributedString+MGTrim.h */ = {isa = PBXFileReference; fileEncoding = 4; lastKnownFileType = sourcecode.c.h; path = "NSAttributedString+MGTrim.h"; sourceTree = "<group>"; };
		79F23FAE1794C27100DEF2E5 /* NSAttributedString+MGTrim.m */ = {isa = PBXFileReference; fileEncoding = 4; lastKnownFileType = sourcecode.c.objc; path = "NSAttributedString+MGTrim.m"; sourceTree = "<group>"; };
		79F23FAF1794C27100DEF2E5 /* NSObject+MGEvents.h */ = {isa = PBXFileReference; fileEncoding = 4; lastKnownFileType = sourcecode.c.h; path = "NSObject+MGEvents.h"; sourceTree = "<group>"; };
		79F23FB01794C27100DEF2E5 /* NSObject+MGEvents.m */ = {isa = PBXFileReference; fileEncoding = 4; lastKnownFileType = sourcecode.c.objc; path = "NSObject+MGEvents.m"; sourceTree = "<group>"; };
		79F23FB11794C27100DEF2E5 /* UIColor+MGExpanded.h */ = {isa = PBXFileReference; fileEncoding = 4; lastKnownFileType = sourcecode.c.h; path = "UIColor+MGExpanded.h"; sourceTree = "<group>"; };
		79F23FB21794C27100DEF2E5 /* UIColor+MGExpanded.m */ = {isa = PBXFileReference; fileEncoding = 4; lastKnownFileType = sourcecode.c.objc; path = "UIColor+MGExpanded.m"; sourceTree = "<group>"; };
		79F23FB31794C27100DEF2E5 /* UIControl+MGEvents.h */ = {isa = PBXFileReference; fileEncoding = 4; lastKnownFileType = sourcecode.c.h; path = "UIControl+MGEvents.h"; sourceTree = "<group>"; };
		79F23FB41794C27100DEF2E5 /* UIControl+MGEvents.m */ = {isa = PBXFileReference; fileEncoding = 4; lastKnownFileType = sourcecode.c.objc; path = "UIControl+MGEvents.m"; sourceTree = "<group>"; };
		79F23FB51794C27100DEF2E5 /* UIResponder+FirstResponder.h */ = {isa = PBXFileReference; fileEncoding = 4; lastKnownFileType = sourcecode.c.h; path = "UIResponder+FirstResponder.h"; sourceTree = "<group>"; };
		79F23FB61794C27100DEF2E5 /* UIResponder+FirstResponder.m */ = {isa = PBXFileReference; fileEncoding = 4; lastKnownFileType = sourcecode.c.objc; path = "UIResponder+FirstResponder.m"; sourceTree = "<group>"; };
		79F23FB71794C27100DEF2E5 /* UIView+MGEasyFrame.h */ = {isa = PBXFileReference; fileEncoding = 4; lastKnownFileType = sourcecode.c.h; path = "UIView+MGEasyFrame.h"; sourceTree = "<group>"; };
		79F23FB81794C27100DEF2E5 /* UIView+MGEasyFrame.m */ = {isa = PBXFileReference; fileEncoding = 4; lastKnownFileType = sourcecode.c.objc; path = "UIView+MGEasyFrame.m"; sourceTree = "<group>"; };
		79F23FB91794C27100DEF2E5 /* MGBase.h */ = {isa = PBXFileReference; fileEncoding = 4; lastKnownFileType = sourcecode.c.h; path = MGBase.h; sourceTree = "<group>"; };
		79F23FBA1794C27100DEF2E5 /* MGBlockWrapper.h */ = {isa = PBXFileReference; fileEncoding = 4; lastKnownFileType = sourcecode.c.h; path = MGBlockWrapper.h; sourceTree = "<group>"; };
		79F23FBB1794C27100DEF2E5 /* MGBlockWrapper.m */ = {isa = PBXFileReference; fileEncoding = 4; lastKnownFileType = sourcecode.c.objc; path = MGBlockWrapper.m; sourceTree = "<group>"; };
		79F23FBC1794C27100DEF2E5 /* MGBox.h */ = {isa = PBXFileReference; fileEncoding = 4; lastKnownFileType = sourcecode.c.h; path = MGBox.h; sourceTree = "<group>"; };
		79F23FBD1794C27100DEF2E5 /* MGBox.m */ = {isa = PBXFileReference; fileEncoding = 4; lastKnownFileType = sourcecode.c.objc; path = MGBox.m; sourceTree = "<group>"; };
		79F23FBE1794C27100DEF2E5 /* MGButton.h */ = {isa = PBXFileReference; fileEncoding = 4; lastKnownFileType = sourcecode.c.h; path = MGButton.h; sourceTree = "<group>"; };
		79F23FBF1794C27100DEF2E5 /* MGButton.m */ = {isa = PBXFileReference; fileEncoding = 4; lastKnownFileType = sourcecode.c.objc; path = MGButton.m; sourceTree = "<group>"; };
		79F23FC01794C27100DEF2E5 /* MGLayoutBox.h */ = {isa = PBXFileReference; fileEncoding = 4; lastKnownFileType = sourcecode.c.h; path = MGLayoutBox.h; sourceTree = "<group>"; };
		79F23FC11794C27100DEF2E5 /* MGLayoutManager.h */ = {isa = PBXFileReference; fileEncoding = 4; lastKnownFileType = sourcecode.c.h; path = MGLayoutManager.h; sourceTree = "<group>"; };
		79F23FC21794C27100DEF2E5 /* MGLayoutManager.m */ = {isa = PBXFileReference; fileEncoding = 4; lastKnownFileType = sourcecode.c.objc; path = MGLayoutManager.m; sourceTree = "<group>"; };
		79F23FC31794C27100DEF2E5 /* MGLine.h */ = {isa = PBXFileReference; fileEncoding = 4; lastKnownFileType = sourcecode.c.h; path = MGLine.h; sourceTree = "<group>"; };
		79F23FC41794C27100DEF2E5 /* MGLine.m */ = {isa = PBXFileReference; fileEncoding = 4; lastKnownFileType = sourcecode.c.objc; path = MGLine.m; sourceTree = "<group>"; };
		79F23FC51794C27100DEF2E5 /* MGLineStyled.h */ = {isa = PBXFileReference; fileEncoding = 4; lastKnownFileType = sourcecode.c.h; path = MGLineStyled.h; sourceTree = "<group>"; };
		79F23FC61794C27100DEF2E5 /* MGLineStyled.m */ = {isa = PBXFileReference; fileEncoding = 4; lastKnownFileType = sourcecode.c.objc; path = MGLineStyled.m; sourceTree = "<group>"; };
		79F23FC71794C27100DEF2E5 /* MGMushParser.h */ = {isa = PBXFileReference; fileEncoding = 4; lastKnownFileType = sourcecode.c.h; path = MGMushParser.h; sourceTree = "<group>"; };
		79F23FC81794C27100DEF2E5 /* MGMushParser.m */ = {isa = PBXFileReference; fileEncoding = 4; lastKnownFileType = sourcecode.c.objc; path = MGMushParser.m; sourceTree = "<group>"; };
		79F23FC91794C27100DEF2E5 /* MGScrollView.h */ = {isa = PBXFileReference; fileEncoding = 4; lastKnownFileType = sourcecode.c.h; path = MGScrollView.h; sourceTree = "<group>"; };
		79F23FCA1794C27100DEF2E5 /* MGScrollView.m */ = {isa = PBXFileReference; fileEncoding = 4; lastKnownFileType = sourcecode.c.objc; path = MGScrollView.m; sourceTree = "<group>"; };
		79F23FCB1794C27100DEF2E5 /* MGTableBox.h */ = {isa = PBXFileReference; fileEncoding = 4; lastKnownFileType = sourcecode.c.h; path = MGTableBox.h; sourceTree = "<group>"; };
		79F23FCC1794C27100DEF2E5 /* MGTableBox.m */ = {isa = PBXFileReference; fileEncoding = 4; lastKnownFileType = sourcecode.c.objc; path = MGTableBox.m; sourceTree = "<group>"; };
		79F23FCD1794C27100DEF2E5 /* MGTableBoxStyled.h */ = {isa = PBXFileReference; fileEncoding = 4; lastKnownFileType = sourcecode.c.h; path = MGTableBoxStyled.h; sourceTree = "<group>"; };
		79F23FCE1794C27100DEF2E5 /* MGTableBoxStyled.m */ = {isa = PBXFileReference; fileEncoding = 4; lastKnownFileType = sourcecode.c.objc; path = MGTableBoxStyled.m; sourceTree = "<group>"; };
		79F23FDF1794C28300DEF2E5 /* NoteView.h */ = {isa = PBXFileReference; lastKnownFileType = sourcecode.c.h; name = NoteView.h; path = ../../NoteView/Classes/NoteView.h; sourceTree = "<group>"; };
		79F23FE01794C28300DEF2E5 /* NoteView.m */ = {isa = PBXFileReference; lastKnownFileType = sourcecode.c.objc; name = NoteView.m; path = ../../NoteView/Classes/NoteView.m; sourceTree = "<group>"; };
		79F23FE11794C2C900DEF2E5 /* UIViewAdditions+EX.h */ = {isa = PBXFileReference; lastKnownFileType = sourcecode.c.h; path = "UIViewAdditions+EX.h"; sourceTree = "<group>"; };
		79F23FE21794C2C900DEF2E5 /* UIViewAdditions+EX.m */ = {isa = PBXFileReference; lastKnownFileType = sourcecode.c.objc; path = "UIViewAdditions+EX.m"; sourceTree = "<group>"; };
		79F23FE31794C2C900DEF2E5 /* NSDateAdditions+EX.h */ = {isa = PBXFileReference; lastKnownFileType = sourcecode.c.h; path = "NSDateAdditions+EX.h"; sourceTree = "<group>"; };
		79F23FE41794C2C900DEF2E5 /* NSDateAdditions+EX.m */ = {isa = PBXFileReference; lastKnownFileType = sourcecode.c.objc; path = "NSDateAdditions+EX.m"; sourceTree = "<group>"; };
		79F23FE71794C30100DEF2E5 /* EXConstants.h */ = {isa = PBXFileReference; lastKnownFileType = sourcecode.c.h; path = EXConstants.h; sourceTree = "<group>"; };
		79F23FE81794C4E000DEF2E5 /* GCRootViewController.h */ = {isa = PBXFileReference; fileEncoding = 4; lastKnownFileType = sourcecode.c.h; path = GCRootViewController.h; sourceTree = "<group>"; };
		79F23FE91794C4E000DEF2E5 /* GCRootViewController.m */ = {isa = PBXFileReference; fileEncoding = 4; lastKnownFileType = sourcecode.c.objc; path = GCRootViewController.m; sourceTree = "<group>"; };
		79F23FEA1794C4E000DEF2E5 /* GCRootViewController-iPhone.xib */ = {isa = PBXFileReference; fileEncoding = 4; lastKnownFileType = file.xib; path = "GCRootViewController-iPhone.xib"; sourceTree = "<group>"; };
		79F23FEE1794C74000DEF2E5 /* patternsquare_green@2x.png */ = {isa = PBXFileReference; lastKnownFileType = image.png; path = "patternsquare_green@2x.png"; sourceTree = "<group>"; };
		79F23FF01794CF2C00DEF2E5 /* QuartzCore.framework */ = {isa = PBXFileReference; lastKnownFileType = wrapper.framework; name = QuartzCore.framework; path = System/Library/Frameworks/QuartzCore.framework; sourceTree = SDKROOT; };
		79F23FF21794CF3200DEF2E5 /* AVFoundation.framework */ = {isa = PBXFileReference; lastKnownFileType = wrapper.framework; name = AVFoundation.framework; path = System/Library/Frameworks/AVFoundation.framework; sourceTree = SDKROOT; };
		79F23FF31794CF3200DEF2E5 /* CoreText.framework */ = {isa = PBXFileReference; lastKnownFileType = wrapper.framework; name = CoreText.framework; path = System/Library/Frameworks/CoreText.framework; sourceTree = SDKROOT; };
		79F86A331795E144006CC358 /* Social.framework */ = {isa = PBXFileReference; lastKnownFileType = wrapper.framework; name = Social.framework; path = System/Library/Frameworks/Social.framework; sourceTree = SDKROOT; };
		79F86A3A1795E823006CC358 /* MagicalImportFunctions.h */ = {isa = PBXFileReference; fileEncoding = 4; lastKnownFileType = sourcecode.c.h; path = MagicalImportFunctions.h; sourceTree = "<group>"; };
		79F86A3B1795E823006CC358 /* MagicalImportFunctions.m */ = {isa = PBXFileReference; fileEncoding = 4; lastKnownFileType = sourcecode.c.objc; path = MagicalImportFunctions.m; sourceTree = "<group>"; };
		79F86A3C1795E823006CC358 /* NSAttributeDescription+MagicalDataImport.h */ = {isa = PBXFileReference; fileEncoding = 4; lastKnownFileType = sourcecode.c.h; path = "NSAttributeDescription+MagicalDataImport.h"; sourceTree = "<group>"; };
		79F86A3D1795E823006CC358 /* NSAttributeDescription+MagicalDataImport.m */ = {isa = PBXFileReference; fileEncoding = 4; lastKnownFileType = sourcecode.c.objc; path = "NSAttributeDescription+MagicalDataImport.m"; sourceTree = "<group>"; };
		79F86A3E1795E823006CC358 /* NSEntityDescription+MagicalDataImport.h */ = {isa = PBXFileReference; fileEncoding = 4; lastKnownFileType = sourcecode.c.h; path = "NSEntityDescription+MagicalDataImport.h"; sourceTree = "<group>"; };
		79F86A3F1795E823006CC358 /* NSEntityDescription+MagicalDataImport.m */ = {isa = PBXFileReference; fileEncoding = 4; lastKnownFileType = sourcecode.c.objc; path = "NSEntityDescription+MagicalDataImport.m"; sourceTree = "<group>"; };
		79F86A401795E823006CC358 /* NSNumber+MagicalDataImport.h */ = {isa = PBXFileReference; fileEncoding = 4; lastKnownFileType = sourcecode.c.h; path = "NSNumber+MagicalDataImport.h"; sourceTree = "<group>"; };
		79F86A411795E823006CC358 /* NSNumber+MagicalDataImport.m */ = {isa = PBXFileReference; fileEncoding = 4; lastKnownFileType = sourcecode.c.objc; path = "NSNumber+MagicalDataImport.m"; sourceTree = "<group>"; };
		79F86A421795E823006CC358 /* NSObject+MagicalDataImport.h */ = {isa = PBXFileReference; fileEncoding = 4; lastKnownFileType = sourcecode.c.h; path = "NSObject+MagicalDataImport.h"; sourceTree = "<group>"; };
		79F86A431795E823006CC358 /* NSObject+MagicalDataImport.m */ = {isa = PBXFileReference; fileEncoding = 4; lastKnownFileType = sourcecode.c.objc; path = "NSObject+MagicalDataImport.m"; sourceTree = "<group>"; };
		79F86A441795E823006CC358 /* NSRelationshipDescription+MagicalDataImport.h */ = {isa = PBXFileReference; fileEncoding = 4; lastKnownFileType = sourcecode.c.h; path = "NSRelationshipDescription+MagicalDataImport.h"; sourceTree = "<group>"; };
		79F86A451795E823006CC358 /* NSRelationshipDescription+MagicalDataImport.m */ = {isa = PBXFileReference; fileEncoding = 4; lastKnownFileType = sourcecode.c.objc; path = "NSRelationshipDescription+MagicalDataImport.m"; sourceTree = "<group>"; };
		79F86A461795E823006CC358 /* NSString+MagicalDataImport.h */ = {isa = PBXFileReference; fileEncoding = 4; lastKnownFileType = sourcecode.c.h; path = "NSString+MagicalDataImport.h"; sourceTree = "<group>"; };
		79F86A471795E823006CC358 /* NSString+MagicalDataImport.m */ = {isa = PBXFileReference; fileEncoding = 4; lastKnownFileType = sourcecode.c.objc; path = "NSString+MagicalDataImport.m"; sourceTree = "<group>"; };
		79F86A491795E823006CC358 /* NSManagedObject+MagicalAggregation.h */ = {isa = PBXFileReference; fileEncoding = 4; lastKnownFileType = sourcecode.c.h; path = "NSManagedObject+MagicalAggregation.h"; sourceTree = "<group>"; };
		79F86A4A1795E823006CC358 /* NSManagedObject+MagicalAggregation.m */ = {isa = PBXFileReference; fileEncoding = 4; lastKnownFileType = sourcecode.c.objc; path = "NSManagedObject+MagicalAggregation.m"; sourceTree = "<group>"; };
		79F86A4B1795E823006CC358 /* NSManagedObject+MagicalDataImport.h */ = {isa = PBXFileReference; fileEncoding = 4; lastKnownFileType = sourcecode.c.h; path = "NSManagedObject+MagicalDataImport.h"; sourceTree = "<group>"; };
		79F86A4C1795E823006CC358 /* NSManagedObject+MagicalDataImport.m */ = {isa = PBXFileReference; fileEncoding = 4; lastKnownFileType = sourcecode.c.objc; path = "NSManagedObject+MagicalDataImport.m"; sourceTree = "<group>"; };
		79F86A4D1795E823006CC358 /* NSManagedObject+MagicalFinders.h */ = {isa = PBXFileReference; fileEncoding = 4; lastKnownFileType = sourcecode.c.h; path = "NSManagedObject+MagicalFinders.h"; sourceTree = "<group>"; };
		79F86A4E1795E823006CC358 /* NSManagedObject+MagicalFinders.m */ = {isa = PBXFileReference; fileEncoding = 4; lastKnownFileType = sourcecode.c.objc; path = "NSManagedObject+MagicalFinders.m"; sourceTree = "<group>"; };
		79F86A4F1795E823006CC358 /* NSManagedObject+MagicalRecord.h */ = {isa = PBXFileReference; fileEncoding = 4; lastKnownFileType = sourcecode.c.h; path = "NSManagedObject+MagicalRecord.h"; sourceTree = "<group>"; };
		79F86A501795E823006CC358 /* NSManagedObject+MagicalRecord.m */ = {isa = PBXFileReference; fileEncoding = 4; lastKnownFileType = sourcecode.c.objc; path = "NSManagedObject+MagicalRecord.m"; sourceTree = "<group>"; };
		79F86A511795E823006CC358 /* NSManagedObject+MagicalRequests.h */ = {isa = PBXFileReference; fileEncoding = 4; lastKnownFileType = sourcecode.c.h; path = "NSManagedObject+MagicalRequests.h"; sourceTree = "<group>"; };
		79F86A521795E823006CC358 /* NSManagedObject+MagicalRequests.m */ = {isa = PBXFileReference; fileEncoding = 4; lastKnownFileType = sourcecode.c.objc; path = "NSManagedObject+MagicalRequests.m"; sourceTree = "<group>"; };
		79F86A541795E823006CC358 /* NSManagedObjectContext+MagicalObserving.h */ = {isa = PBXFileReference; fileEncoding = 4; lastKnownFileType = sourcecode.c.h; path = "NSManagedObjectContext+MagicalObserving.h"; sourceTree = "<group>"; };
		79F86A551795E823006CC358 /* NSManagedObjectContext+MagicalObserving.m */ = {isa = PBXFileReference; fileEncoding = 4; lastKnownFileType = sourcecode.c.objc; path = "NSManagedObjectContext+MagicalObserving.m"; sourceTree = "<group>"; };
		79F86A561795E823006CC358 /* NSManagedObjectContext+MagicalRecord.h */ = {isa = PBXFileReference; fileEncoding = 4; lastKnownFileType = sourcecode.c.h; path = "NSManagedObjectContext+MagicalRecord.h"; sourceTree = "<group>"; };
		79F86A571795E823006CC358 /* NSManagedObjectContext+MagicalRecord.m */ = {isa = PBXFileReference; fileEncoding = 4; lastKnownFileType = sourcecode.c.objc; path = "NSManagedObjectContext+MagicalRecord.m"; sourceTree = "<group>"; };
		79F86A581795E823006CC358 /* NSManagedObjectContext+MagicalSaves.h */ = {isa = PBXFileReference; fileEncoding = 4; lastKnownFileType = sourcecode.c.h; path = "NSManagedObjectContext+MagicalSaves.h"; sourceTree = "<group>"; };
		79F86A591795E823006CC358 /* NSManagedObjectContext+MagicalSaves.m */ = {isa = PBXFileReference; fileEncoding = 4; lastKnownFileType = sourcecode.c.objc; path = "NSManagedObjectContext+MagicalSaves.m"; sourceTree = "<group>"; };
		79F86A5A1795E823006CC358 /* NSManagedObjectContext+MagicalThreading.h */ = {isa = PBXFileReference; fileEncoding = 4; lastKnownFileType = sourcecode.c.h; path = "NSManagedObjectContext+MagicalThreading.h"; sourceTree = "<group>"; };
		79F86A5B1795E823006CC358 /* NSManagedObjectContext+MagicalThreading.m */ = {isa = PBXFileReference; fileEncoding = 4; lastKnownFileType = sourcecode.c.objc; path = "NSManagedObjectContext+MagicalThreading.m"; sourceTree = "<group>"; };
		79F86A5C1795E823006CC358 /* NSManagedObjectModel+MagicalRecord.h */ = {isa = PBXFileReference; fileEncoding = 4; lastKnownFileType = sourcecode.c.h; path = "NSManagedObjectModel+MagicalRecord.h"; sourceTree = "<group>"; };
		79F86A5D1795E823006CC358 /* NSManagedObjectModel+MagicalRecord.m */ = {isa = PBXFileReference; fileEncoding = 4; lastKnownFileType = sourcecode.c.objc; path = "NSManagedObjectModel+MagicalRecord.m"; sourceTree = "<group>"; };
		79F86A5E1795E823006CC358 /* NSPersistentStore+MagicalRecord.h */ = {isa = PBXFileReference; fileEncoding = 4; lastKnownFileType = sourcecode.c.h; path = "NSPersistentStore+MagicalRecord.h"; sourceTree = "<group>"; };
		79F86A5F1795E823006CC358 /* NSPersistentStore+MagicalRecord.m */ = {isa = PBXFileReference; fileEncoding = 4; lastKnownFileType = sourcecode.c.objc; path = "NSPersistentStore+MagicalRecord.m"; sourceTree = "<group>"; };
		79F86A601795E823006CC358 /* NSPersistentStoreCoordinator+MagicalRecord.h */ = {isa = PBXFileReference; fileEncoding = 4; lastKnownFileType = sourcecode.c.h; path = "NSPersistentStoreCoordinator+MagicalRecord.h"; sourceTree = "<group>"; };
		79F86A611795E823006CC358 /* NSPersistentStoreCoordinator+MagicalRecord.m */ = {isa = PBXFileReference; fileEncoding = 4; lastKnownFileType = sourcecode.c.objc; path = "NSPersistentStoreCoordinator+MagicalRecord.m"; sourceTree = "<group>"; };
		79F86A631795E823006CC358 /* MagicalRecord+Actions.h */ = {isa = PBXFileReference; fileEncoding = 4; lastKnownFileType = sourcecode.c.h; path = "MagicalRecord+Actions.h"; sourceTree = "<group>"; };
		79F86A641795E823006CC358 /* MagicalRecord+Actions.m */ = {isa = PBXFileReference; fileEncoding = 4; lastKnownFileType = sourcecode.c.objc; path = "MagicalRecord+Actions.m"; sourceTree = "<group>"; };
		79F86A651795E823006CC358 /* MagicalRecord+ErrorHandling.h */ = {isa = PBXFileReference; fileEncoding = 4; lastKnownFileType = sourcecode.c.h; path = "MagicalRecord+ErrorHandling.h"; sourceTree = "<group>"; };
		79F86A661795E823006CC358 /* MagicalRecord+ErrorHandling.m */ = {isa = PBXFileReference; fileEncoding = 4; lastKnownFileType = sourcecode.c.objc; path = "MagicalRecord+ErrorHandling.m"; sourceTree = "<group>"; };
		79F86A671795E823006CC358 /* MagicalRecord+iCloud.h */ = {isa = PBXFileReference; fileEncoding = 4; lastKnownFileType = sourcecode.c.h; path = "MagicalRecord+iCloud.h"; sourceTree = "<group>"; };
		79F86A681795E823006CC358 /* MagicalRecord+iCloud.m */ = {isa = PBXFileReference; fileEncoding = 4; lastKnownFileType = sourcecode.c.objc; path = "MagicalRecord+iCloud.m"; sourceTree = "<group>"; };
		79F86A691795E823006CC358 /* MagicalRecord+Options.h */ = {isa = PBXFileReference; fileEncoding = 4; lastKnownFileType = sourcecode.c.h; path = "MagicalRecord+Options.h"; sourceTree = "<group>"; };
		79F86A6A1795E823006CC358 /* MagicalRecord+Options.m */ = {isa = PBXFileReference; fileEncoding = 4; lastKnownFileType = sourcecode.c.objc; path = "MagicalRecord+Options.m"; sourceTree = "<group>"; };
		79F86A6B1795E823006CC358 /* MagicalRecord+Setup.h */ = {isa = PBXFileReference; fileEncoding = 4; lastKnownFileType = sourcecode.c.h; path = "MagicalRecord+Setup.h"; sourceTree = "<group>"; };
		79F86A6C1795E823006CC358 /* MagicalRecord+Setup.m */ = {isa = PBXFileReference; fileEncoding = 4; lastKnownFileType = sourcecode.c.objc; path = "MagicalRecord+Setup.m"; sourceTree = "<group>"; };
		79F86A6D1795E823006CC358 /* MagicalRecord+ShorthandSupport.h */ = {isa = PBXFileReference; fileEncoding = 4; lastKnownFileType = sourcecode.c.h; path = "MagicalRecord+ShorthandSupport.h"; sourceTree = "<group>"; };
		79F86A6E1795E823006CC358 /* MagicalRecord+ShorthandSupport.m */ = {isa = PBXFileReference; fileEncoding = 4; lastKnownFileType = sourcecode.c.objc; path = "MagicalRecord+ShorthandSupport.m"; sourceTree = "<group>"; };
		79F86A6F1795E823006CC358 /* MagicalRecord.h */ = {isa = PBXFileReference; fileEncoding = 4; lastKnownFileType = sourcecode.c.h; path = MagicalRecord.h; sourceTree = "<group>"; };
		79F86A701795E823006CC358 /* MagicalRecord.m */ = {isa = PBXFileReference; fileEncoding = 4; lastKnownFileType = sourcecode.c.objc; path = MagicalRecord.m; sourceTree = "<group>"; };
		79F86A711795E823006CC358 /* MagicalRecordShorthand.h */ = {isa = PBXFileReference; fileEncoding = 4; lastKnownFileType = sourcecode.c.h; path = MagicalRecordShorthand.h; sourceTree = "<group>"; };
		79F86A721795E823006CC358 /* CoreData+MagicalRecord.h */ = {isa = PBXFileReference; fileEncoding = 4; lastKnownFileType = sourcecode.c.h; path = "CoreData+MagicalRecord.h"; sourceTree = "<group>"; };
		79F86A901795F4B6006CC358 /* GCConversationCell-iPhone.xib */ = {isa = PBXFileReference; fileEncoding = 4; lastKnownFileType = file.xib; path = "GCConversationCell-iPhone.xib"; sourceTree = "<group>"; };
		79F86A9217986259006CC358 /* GCConversationCell.h */ = {isa = PBXFileReference; fileEncoding = 4; lastKnownFileType = sourcecode.c.h; path = GCConversationCell.h; sourceTree = "<group>"; };
		79F86A9317986259006CC358 /* GCConversationCell.m */ = {isa = PBXFileReference; fileEncoding = 4; lastKnownFileType = sourcecode.c.objc; path = GCConversationCell.m; sourceTree = "<group>"; };
/* End PBXFileReference section */

/* Begin PBXFrameworksBuildPhase section */
		79F23F631794A9C400DEF2E5 /* Frameworks */ = {
			isa = PBXFrameworksBuildPhase;
			buildActionMask = 2147483647;
			files = (
				79F23F6A1794A9C400DEF2E5 /* UIKit.framework in Frameworks */,
				79F23F6C1794A9C400DEF2E5 /* Foundation.framework in Frameworks */,
				79F23F6E1794A9C400DEF2E5 /* CoreGraphics.framework in Frameworks */,
				79F23F701794A9C400DEF2E5 /* CoreData.framework in Frameworks */,
				79F23FF11794CF2C00DEF2E5 /* QuartzCore.framework in Frameworks */,
				79F23FF41794CF3200DEF2E5 /* AVFoundation.framework in Frameworks */,
				79F23FF51794CF3200DEF2E5 /* CoreText.framework in Frameworks */,
				79F86A341795E144006CC358 /* Social.framework in Frameworks */,
			);
			runOnlyForDeploymentPostprocessing = 0;
		};
/* End PBXFrameworksBuildPhase section */

/* Begin PBXGroup section */
		79F23F5D1794A9C400DEF2E5 = {
			isa = PBXGroup;
			children = (
				79F23F711794A9C400DEF2E5 /* Great Convos */,
				79F23F681794A9C400DEF2E5 /* Frameworks */,
				79F23F671794A9C400DEF2E5 /* Products */,
			);
			sourceTree = "<group>";
		};
		79F23F671794A9C400DEF2E5 /* Products */ = {
			isa = PBXGroup;
			children = (
				79F23F661794A9C400DEF2E5 /* Great Convos.app */,
			);
			name = Products;
			sourceTree = "<group>";
		};
		79F23F681794A9C400DEF2E5 /* Frameworks */ = {
			isa = PBXGroup;
			children = (
				79F86A331795E144006CC358 /* Social.framework */,
				79F23FF21794CF3200DEF2E5 /* AVFoundation.framework */,
				79F23FF31794CF3200DEF2E5 /* CoreText.framework */,
				79F23FF01794CF2C00DEF2E5 /* QuartzCore.framework */,
				79F23F691794A9C400DEF2E5 /* UIKit.framework */,
				79F23F6B1794A9C400DEF2E5 /* Foundation.framework */,
				79F23F6D1794A9C400DEF2E5 /* CoreGraphics.framework */,
				79F23F6F1794A9C400DEF2E5 /* CoreData.framework */,
			);
			name = Frameworks;
			sourceTree = "<group>";
		};
		79F23F711794A9C400DEF2E5 /* Great Convos */ = {
			isa = PBXGroup;
			children = (
				79F23FAA1794C26200DEF2E5 /* External */,
				79F23FA21794AF1500DEF2E5 /* View */,
				79F23FE51794C2CD00DEF2E5 /* Logic */,
				79F23FA11794AE3300DEF2E5 /* Data Model */,
				79F23F7A1794A9C500DEF2E5 /* GCAppDelegate.h */,
				79F23F7B1794A9C500DEF2E5 /* GCAppDelegate.m */,
				79F23FE71794C30100DEF2E5 /* EXConstants.h */,
				79F23FED1794C73700DEF2E5 /* Resources */,
				79F23F721794A9C400DEF2E5 /* Supporting Files */,
			);
			path = "Great Convos";
			sourceTree = "<group>";
		};
		79F23F721794A9C400DEF2E5 /* Supporting Files */ = {
			isa = PBXGroup;
			children = (
				79F23F731794A9C400DEF2E5 /* Great Convos-Info.plist */,
				79F23F741794A9C400DEF2E5 /* InfoPlist.strings */,
				79F23F771794A9C400DEF2E5 /* main.m */,
				79F23F791794A9C400DEF2E5 /* Great Convos-Prefix.pch */,
			);
			name = "Supporting Files";
			sourceTree = "<group>";
		};
		79F23FA11794AE3300DEF2E5 /* Data Model */ = {
			isa = PBXGroup;
			children = (
				79F23F831794A9C500DEF2E5 /* Great_Convos.xcdatamodeld */,
				79F23F9E1794AE2800DEF2E5 /* Conversation.h */,
				79F23F9F1794AE2800DEF2E5 /* Conversation.m */,
			);
			name = "Data Model";
			sourceTree = "<group>";
		};
		79F23FA21794AF1500DEF2E5 /* View */ = {
			isa = PBXGroup;
			children = (
				79F86A8E1795F496006CC358 /* Conversations  */,
				79F23FE81794C4E000DEF2E5 /* GCRootViewController.h */,
				79F23FE91794C4E000DEF2E5 /* GCRootViewController.m */,
				79F23FEA1794C4E000DEF2E5 /* GCRootViewController-iPhone.xib */,
				79F23FA41794AF3100DEF2E5 /* New Convo */,
				79F23FA31794AF2D00DEF2E5 /* Defaults */,
			);
			name = View;
			sourceTree = "<group>";
		};
		79F23FA31794AF2D00DEF2E5 /* Defaults */ = {
			isa = PBXGroup;
			children = (
				79F23F861794A9C500DEF2E5 /* GCMasterViewController.h */,
				79F23F871794A9C500DEF2E5 /* GCMasterViewController.m */,
				79F23F891794A9C500DEF2E5 /* GCDetailViewController.h */,
				79F23F8A1794A9C500DEF2E5 /* GCDetailViewController.m */,
				79F23F8C1794A9C500DEF2E5 /* GCMasterViewController_iPhone.xib */,
				79F23F8F1794A9C500DEF2E5 /* GCMasterViewController_iPad.xib */,
				79F23F921794A9C500DEF2E5 /* GCDetailViewController_iPhone.xib */,
				79F23F951794A9C500DEF2E5 /* GCDetailViewController_iPad.xib */,
			);
			name = Defaults;
			sourceTree = "<group>";
		};
		79F23FA41794AF3100DEF2E5 /* New Convo */ = {
			isa = PBXGroup;
			children = (
				79F23FA51794AF9500DEF2E5 /* GCNewConversationVC.h */,
				79F23FA61794AF9500DEF2E5 /* GCNewConversationVC.m */,
				79F23FA71794AF9500DEF2E5 /* GCNewConversationVC-iPhone.xib */,
			);
			name = "New Convo";
			sourceTree = "<group>";
		};
		79F23FAA1794C26200DEF2E5 /* External */ = {
			isa = PBXGroup;
			children = (
				79F86A371795E823006CC358 /* MagicalRecord */,
				79F23FDF1794C28300DEF2E5 /* NoteView.h */,
				79F23FE01794C28300DEF2E5 /* NoteView.m */,
				79F23FAB1794C27100DEF2E5 /* MGBox */,
			);
			name = External;
			sourceTree = "<group>";
		};
		79F23FAB1794C27100DEF2E5 /* MGBox */ = {
			isa = PBXGroup;
			children = (
				79F23FAC1794C27100DEF2E5 /* Categories */,
				79F23FB91794C27100DEF2E5 /* MGBase.h */,
				79F23FBA1794C27100DEF2E5 /* MGBlockWrapper.h */,
				79F23FBB1794C27100DEF2E5 /* MGBlockWrapper.m */,
				79F23FBC1794C27100DEF2E5 /* MGBox.h */,
				79F23FBD1794C27100DEF2E5 /* MGBox.m */,
				79F23FBE1794C27100DEF2E5 /* MGButton.h */,
				79F23FBF1794C27100DEF2E5 /* MGButton.m */,
				79F23FC01794C27100DEF2E5 /* MGLayoutBox.h */,
				79F23FC11794C27100DEF2E5 /* MGLayoutManager.h */,
				79F23FC21794C27100DEF2E5 /* MGLayoutManager.m */,
				79F23FC31794C27100DEF2E5 /* MGLine.h */,
				79F23FC41794C27100DEF2E5 /* MGLine.m */,
				79F23FC51794C27100DEF2E5 /* MGLineStyled.h */,
				79F23FC61794C27100DEF2E5 /* MGLineStyled.m */,
				79F23FC71794C27100DEF2E5 /* MGMushParser.h */,
				79F23FC81794C27100DEF2E5 /* MGMushParser.m */,
				79F23FC91794C27100DEF2E5 /* MGScrollView.h */,
				79F23FCA1794C27100DEF2E5 /* MGScrollView.m */,
				79F23FCB1794C27100DEF2E5 /* MGTableBox.h */,
				79F23FCC1794C27100DEF2E5 /* MGTableBox.m */,
				79F23FCD1794C27100DEF2E5 /* MGTableBoxStyled.h */,
				79F23FCE1794C27100DEF2E5 /* MGTableBoxStyled.m */,
			);
			name = MGBox;
			path = ../../MGBox2/MGBox;
			sourceTree = "<group>";
		};
		79F23FAC1794C27100DEF2E5 /* Categories */ = {
			isa = PBXGroup;
			children = (
				79F23FAD1794C27100DEF2E5 /* NSAttributedString+MGTrim.h */,
				79F23FAE1794C27100DEF2E5 /* NSAttributedString+MGTrim.m */,
				79F23FAF1794C27100DEF2E5 /* NSObject+MGEvents.h */,
				79F23FB01794C27100DEF2E5 /* NSObject+MGEvents.m */,
				79F23FB11794C27100DEF2E5 /* UIColor+MGExpanded.h */,
				79F23FB21794C27100DEF2E5 /* UIColor+MGExpanded.m */,
				79F23FB31794C27100DEF2E5 /* UIControl+MGEvents.h */,
				79F23FB41794C27100DEF2E5 /* UIControl+MGEvents.m */,
				79F23FB51794C27100DEF2E5 /* UIResponder+FirstResponder.h */,
				79F23FB61794C27100DEF2E5 /* UIResponder+FirstResponder.m */,
				79F23FB71794C27100DEF2E5 /* UIView+MGEasyFrame.h */,
				79F23FB81794C27100DEF2E5 /* UIView+MGEasyFrame.m */,
			);
			path = Categories;
			sourceTree = "<group>";
		};
		79F23FE51794C2CD00DEF2E5 /* Logic */ = {
			isa = PBXGroup;
			children = (
				79F23FE61794C2D000DEF2E5 /* Additions */,
			);
			name = Logic;
			sourceTree = "<group>";
		};
		79F23FE61794C2D000DEF2E5 /* Additions */ = {
			isa = PBXGroup;
			children = (
				79F23FE11794C2C900DEF2E5 /* UIViewAdditions+EX.h */,
				79F23FE21794C2C900DEF2E5 /* UIViewAdditions+EX.m */,
				79F23FE31794C2C900DEF2E5 /* NSDateAdditions+EX.h */,
				79F23FE41794C2C900DEF2E5 /* NSDateAdditions+EX.m */,
			);
			name = Additions;
			sourceTree = "<group>";
		};
		79F23FED1794C73700DEF2E5 /* Resources */ = {
			isa = PBXGroup;
			children = (
				79F23F7D1794A9C500DEF2E5 /* Default.png */,
				79F23F7F1794A9C500DEF2E5 /* Default@2x.png */,
				79F23F811794A9C500DEF2E5 /* Default-568h@2x.png */,
				79F23FEE1794C74000DEF2E5 /* patternsquare_green@2x.png */,
			);
			name = Resources;
			sourceTree = "<group>";
		};
		79F86A371795E823006CC358 /* MagicalRecord */ = {
			isa = PBXGroup;
			children = (
				79F86A381795E823006CC358 /* Categories */,
				79F86A621795E823006CC358 /* Core */,
				79F86A721795E823006CC358 /* CoreData+MagicalRecord.h */,
			);
			name = MagicalRecord;
			path = ../../MagicalRecord/MagicalRecord;
			sourceTree = "<group>";
		};
		79F86A381795E823006CC358 /* Categories */ = {
			isa = PBXGroup;
			children = (
				79F86A391795E823006CC358 /* DataImport */,
				79F86A481795E823006CC358 /* NSManagedObject */,
				79F86A531795E823006CC358 /* NSManagedObjectContext */,
				79F86A5C1795E823006CC358 /* NSManagedObjectModel+MagicalRecord.h */,
				79F86A5D1795E823006CC358 /* NSManagedObjectModel+MagicalRecord.m */,
				79F86A5E1795E823006CC358 /* NSPersistentStore+MagicalRecord.h */,
				79F86A5F1795E823006CC358 /* NSPersistentStore+MagicalRecord.m */,
				79F86A601795E823006CC358 /* NSPersistentStoreCoordinator+MagicalRecord.h */,
				79F86A611795E823006CC358 /* NSPersistentStoreCoordinator+MagicalRecord.m */,
			);
			path = Categories;
			sourceTree = "<group>";
		};
		79F86A391795E823006CC358 /* DataImport */ = {
			isa = PBXGroup;
			children = (
				79F86A3A1795E823006CC358 /* MagicalImportFunctions.h */,
				79F86A3B1795E823006CC358 /* MagicalImportFunctions.m */,
				79F86A3C1795E823006CC358 /* NSAttributeDescription+MagicalDataImport.h */,
				79F86A3D1795E823006CC358 /* NSAttributeDescription+MagicalDataImport.m */,
				79F86A3E1795E823006CC358 /* NSEntityDescription+MagicalDataImport.h */,
				79F86A3F1795E823006CC358 /* NSEntityDescription+MagicalDataImport.m */,
				79F86A401795E823006CC358 /* NSNumber+MagicalDataImport.h */,
				79F86A411795E823006CC358 /* NSNumber+MagicalDataImport.m */,
				79F86A421795E823006CC358 /* NSObject+MagicalDataImport.h */,
				79F86A431795E823006CC358 /* NSObject+MagicalDataImport.m */,
				79F86A441795E823006CC358 /* NSRelationshipDescription+MagicalDataImport.h */,
				79F86A451795E823006CC358 /* NSRelationshipDescription+MagicalDataImport.m */,
				79F86A461795E823006CC358 /* NSString+MagicalDataImport.h */,
				79F86A471795E823006CC358 /* NSString+MagicalDataImport.m */,
			);
			path = DataImport;
			sourceTree = "<group>";
		};
		79F86A481795E823006CC358 /* NSManagedObject */ = {
			isa = PBXGroup;
			children = (
				79F86A491795E823006CC358 /* NSManagedObject+MagicalAggregation.h */,
				79F86A4A1795E823006CC358 /* NSManagedObject+MagicalAggregation.m */,
				79F86A4B1795E823006CC358 /* NSManagedObject+MagicalDataImport.h */,
				79F86A4C1795E823006CC358 /* NSManagedObject+MagicalDataImport.m */,
				79F86A4D1795E823006CC358 /* NSManagedObject+MagicalFinders.h */,
				79F86A4E1795E823006CC358 /* NSManagedObject+MagicalFinders.m */,
				79F86A4F1795E823006CC358 /* NSManagedObject+MagicalRecord.h */,
				79F86A501795E823006CC358 /* NSManagedObject+MagicalRecord.m */,
				79F86A511795E823006CC358 /* NSManagedObject+MagicalRequests.h */,
				79F86A521795E823006CC358 /* NSManagedObject+MagicalRequests.m */,
			);
			path = NSManagedObject;
			sourceTree = "<group>";
		};
		79F86A531795E823006CC358 /* NSManagedObjectContext */ = {
			isa = PBXGroup;
			children = (
				79F86A541795E823006CC358 /* NSManagedObjectContext+MagicalObserving.h */,
				79F86A551795E823006CC358 /* NSManagedObjectContext+MagicalObserving.m */,
				79F86A561795E823006CC358 /* NSManagedObjectContext+MagicalRecord.h */,
				79F86A571795E823006CC358 /* NSManagedObjectContext+MagicalRecord.m */,
				79F86A581795E823006CC358 /* NSManagedObjectContext+MagicalSaves.h */,
				79F86A591795E823006CC358 /* NSManagedObjectContext+MagicalSaves.m */,
				79F86A5A1795E823006CC358 /* NSManagedObjectContext+MagicalThreading.h */,
				79F86A5B1795E823006CC358 /* NSManagedObjectContext+MagicalThreading.m */,
			);
			path = NSManagedObjectContext;
			sourceTree = "<group>";
		};
		79F86A621795E823006CC358 /* Core */ = {
			isa = PBXGroup;
			children = (
				79F86A631795E823006CC358 /* MagicalRecord+Actions.h */,
				79F86A641795E823006CC358 /* MagicalRecord+Actions.m */,
				79F86A651795E823006CC358 /* MagicalRecord+ErrorHandling.h */,
				79F86A661795E823006CC358 /* MagicalRecord+ErrorHandling.m */,
				79F86A671795E823006CC358 /* MagicalRecord+iCloud.h */,
				79F86A681795E823006CC358 /* MagicalRecord+iCloud.m */,
				79F86A691795E823006CC358 /* MagicalRecord+Options.h */,
				79F86A6A1795E823006CC358 /* MagicalRecord+Options.m */,
				79F86A6B1795E823006CC358 /* MagicalRecord+Setup.h */,
				79F86A6C1795E823006CC358 /* MagicalRecord+Setup.m */,
				79F86A6D1795E823006CC358 /* MagicalRecord+ShorthandSupport.h */,
				79F86A6E1795E823006CC358 /* MagicalRecord+ShorthandSupport.m */,
				79F86A6F1795E823006CC358 /* MagicalRecord.h */,
				79F86A701795E823006CC358 /* MagicalRecord.m */,
				79F86A711795E823006CC358 /* MagicalRecordShorthand.h */,
			);
			path = Core;
			sourceTree = "<group>";
		};
		79F86A8E1795F496006CC358 /* Conversations  */ = {
			isa = PBXGroup;
			children = (
				79F86A8F1795F49A006CC358 /* cells */,
			);
			name = "Conversations ";
			sourceTree = "<group>";
		};
		79F86A8F1795F49A006CC358 /* cells */ = {
			isa = PBXGroup;
			children = (
				79F86A901795F4B6006CC358 /* GCConversationCell-iPhone.xib */,
				79F86A9217986259006CC358 /* GCConversationCell.h */,
				79F86A9317986259006CC358 /* GCConversationCell.m */,
			);
			name = cells;
			sourceTree = "<group>";
		};
/* End PBXGroup section */

/* Begin PBXNativeTarget section */
		79F23F651794A9C400DEF2E5 /* Great Convos */ = {
			isa = PBXNativeTarget;
			buildConfigurationList = 79F23F9A1794A9C500DEF2E5 /* Build configuration list for PBXNativeTarget "Great Convos" */;
			buildPhases = (
				79F23F621794A9C400DEF2E5 /* Sources */,
				79F23F631794A9C400DEF2E5 /* Frameworks */,
				79F23F641794A9C400DEF2E5 /* Resources */,
			);
			buildRules = (
			);
			dependencies = (
			);
			name = "Great Convos";
			productName = "Great Convos";
			productReference = 79F23F661794A9C400DEF2E5 /* Great Convos.app */;
			productType = "com.apple.product-type.application";
		};
/* End PBXNativeTarget section */

/* Begin PBXProject section */
		79F23F5E1794A9C400DEF2E5 /* Project object */ = {
			isa = PBXProject;
			attributes = {
				CLASSPREFIX = GC;
				LastUpgradeCheck = 0460;
				ORGANIZATIONNAME = ExoMachina;
			};
			buildConfigurationList = 79F23F611794A9C400DEF2E5 /* Build configuration list for PBXProject "Great Convos" */;
			compatibilityVersion = "Xcode 3.2";
			developmentRegion = English;
			hasScannedForEncodings = 0;
			knownRegions = (
				en,
			);
			mainGroup = 79F23F5D1794A9C400DEF2E5;
			productRefGroup = 79F23F671794A9C400DEF2E5 /* Products */;
			projectDirPath = "";
			projectRoot = "";
			targets = (
				79F23F651794A9C400DEF2E5 /* Great Convos */,
			);
		};
/* End PBXProject section */

/* Begin PBXResourcesBuildPhase section */
		79F23F641794A9C400DEF2E5 /* Resources */ = {
			isa = PBXResourcesBuildPhase;
			buildActionMask = 2147483647;
			files = (
				79F23F761794A9C400DEF2E5 /* InfoPlist.strings in Resources */,
				79F23F7E1794A9C500DEF2E5 /* Default.png in Resources */,
				79F23F801794A9C500DEF2E5 /* Default@2x.png in Resources */,
				79F23F821794A9C500DEF2E5 /* Default-568h@2x.png in Resources */,
				79F23F8E1794A9C500DEF2E5 /* GCMasterViewController_iPhone.xib in Resources */,
				79F23F911794A9C500DEF2E5 /* GCMasterViewController_iPad.xib in Resources */,
				79F23F941794A9C500DEF2E5 /* GCDetailViewController_iPhone.xib in Resources */,
				79F23F971794A9C500DEF2E5 /* GCDetailViewController_iPad.xib in Resources */,
				79F23FA91794AF9500DEF2E5 /* GCNewConversationVC-iPhone.xib in Resources */,
				79F23FEC1794C4E000DEF2E5 /* GCRootViewController-iPhone.xib in Resources */,
				79F23FEF1794C74000DEF2E5 /* patternsquare_green@2x.png in Resources */,
				79F86A911795F4B6006CC358 /* GCConversationCell-iPhone.xib in Resources */,
			);
			runOnlyForDeploymentPostprocessing = 0;
		};
/* End PBXResourcesBuildPhase section */

/* Begin PBXSourcesBuildPhase section */
		79F23F621794A9C400DEF2E5 /* Sources */ = {
			isa = PBXSourcesBuildPhase;
			buildActionMask = 2147483647;
			files = (
				79F23F781794A9C400DEF2E5 /* main.m in Sources */,
				79F23F7C1794A9C500DEF2E5 /* GCAppDelegate.m in Sources */,
				79F23F851794A9C500DEF2E5 /* Great_Convos.xcdatamodeld in Sources */,
				79F23F881794A9C500DEF2E5 /* GCMasterViewController.m in Sources */,
				79F23F8B1794A9C500DEF2E5 /* GCDetailViewController.m in Sources */,
				79F23FA01794AE2800DEF2E5 /* Conversation.m in Sources */,
				79F23FA81794AF9500DEF2E5 /* GCNewConversationVC.m in Sources */,
				79F23FCF1794C27100DEF2E5 /* NSAttributedString+MGTrim.m in Sources */,
				79F23FD01794C27100DEF2E5 /* NSObject+MGEvents.m in Sources */,
				79F23FD11794C27100DEF2E5 /* UIColor+MGExpanded.m in Sources */,
				79F23FD21794C27100DEF2E5 /* UIControl+MGEvents.m in Sources */,
				79F23FD31794C27100DEF2E5 /* UIResponder+FirstResponder.m in Sources */,
				79F23FD41794C27100DEF2E5 /* UIView+MGEasyFrame.m in Sources */,
				79F23FD51794C27100DEF2E5 /* MGBlockWrapper.m in Sources */,
				79F23FD61794C27100DEF2E5 /* MGBox.m in Sources */,
				79F23FD71794C27100DEF2E5 /* MGButton.m in Sources */,
				79F23FD81794C27100DEF2E5 /* MGLayoutManager.m in Sources */,
				79F23FD91794C27100DEF2E5 /* MGLine.m in Sources */,
				79F23FDA1794C27100DEF2E5 /* MGLineStyled.m in Sources */,
				79F23FDB1794C27100DEF2E5 /* MGMushParser.m in Sources */,
				79F23FDC1794C27100DEF2E5 /* MGScrollView.m in Sources */,
				79F23FDD1794C27100DEF2E5 /* MGTableBox.m in Sources */,
				79F23FDE1794C27100DEF2E5 /* MGTableBoxStyled.m in Sources */,
				79F23FEB1794C4E000DEF2E5 /* GCRootViewController.m in Sources */,
				79F23FF61794CFEE00DEF2E5 /* NoteView.m in Sources */,
				79F86A731795E823006CC358 /* MagicalImportFunctions.m in Sources */,
				79F86A741795E823006CC358 /* NSAttributeDescription+MagicalDataImport.m in Sources */,
				79F86A751795E823006CC358 /* NSEntityDescription+MagicalDataImport.m in Sources */,
				79F86A761795E823006CC358 /* NSNumber+MagicalDataImport.m in Sources */,
				79F86A771795E823006CC358 /* NSObject+MagicalDataImport.m in Sources */,
				79F86A781795E823006CC358 /* NSRelationshipDescription+MagicalDataImport.m in Sources */,
				79F86A791795E823006CC358 /* NSString+MagicalDataImport.m in Sources */,
				79F86A7A1795E823006CC358 /* NSManagedObject+MagicalAggregation.m in Sources */,
				79F86A7B1795E823006CC358 /* NSManagedObject+MagicalDataImport.m in Sources */,
				79F86A7C1795E823006CC358 /* NSManagedObject+MagicalFinders.m in Sources */,
				79F86A7D1795E823006CC358 /* NSManagedObject+MagicalRecord.m in Sources */,
				79F86A7E1795E823006CC358 /* NSManagedObject+MagicalRequests.m in Sources */,
				79F86A7F1795E823006CC358 /* NSManagedObjectContext+MagicalObserving.m in Sources */,
				79F86A801795E823006CC358 /* NSManagedObjectContext+MagicalRecord.m in Sources */,
				79F86A811795E823006CC358 /* NSManagedObjectContext+MagicalSaves.m in Sources */,
				79F86A821795E823006CC358 /* NSManagedObjectContext+MagicalThreading.m in Sources */,
				79F86A831795E823006CC358 /* NSManagedObjectModel+MagicalRecord.m in Sources */,
				79F86A841795E823006CC358 /* NSPersistentStore+MagicalRecord.m in Sources */,
				79F86A851795E823006CC358 /* NSPersistentStoreCoordinator+MagicalRecord.m in Sources */,
				79F86A861795E823006CC358 /* MagicalRecord+Actions.m in Sources */,
				79F86A871795E823006CC358 /* MagicalRecord+ErrorHandling.m in Sources */,
				79F86A881795E823006CC358 /* MagicalRecord+iCloud.m in Sources */,
				79F86A891795E823006CC358 /* MagicalRecord+Options.m in Sources */,
				79F86A8A1795E823006CC358 /* MagicalRecord+Setup.m in Sources */,
				79F86A8B1795E823006CC358 /* MagicalRecord+ShorthandSupport.m in Sources */,
				79F86A8C1795E823006CC358 /* MagicalRecord.m in Sources */,
				79F86A9417986259006CC358 /* GCConversationCell.m in Sources */,
			);
			runOnlyForDeploymentPostprocessing = 0;
		};
/* End PBXSourcesBuildPhase section */

/* Begin PBXVariantGroup section */
		79F23F741794A9C400DEF2E5 /* InfoPlist.strings */ = {
			isa = PBXVariantGroup;
			children = (
				79F23F751794A9C400DEF2E5 /* en */,
			);
			name = InfoPlist.strings;
			sourceTree = "<group>";
		};
		79F23F8C1794A9C500DEF2E5 /* GCMasterViewController_iPhone.xib */ = {
			isa = PBXVariantGroup;
			children = (
				79F23F8D1794A9C500DEF2E5 /* en */,
			);
			name = GCMasterViewController_iPhone.xib;
			sourceTree = "<group>";
		};
		79F23F8F1794A9C500DEF2E5 /* GCMasterViewController_iPad.xib */ = {
			isa = PBXVariantGroup;
			children = (
				79F23F901794A9C500DEF2E5 /* en */,
			);
			name = GCMasterViewController_iPad.xib;
			sourceTree = "<group>";
		};
		79F23F921794A9C500DEF2E5 /* GCDetailViewController_iPhone.xib */ = {
			isa = PBXVariantGroup;
			children = (
				79F23F931794A9C500DEF2E5 /* en */,
			);
			name = GCDetailViewController_iPhone.xib;
			sourceTree = "<group>";
		};
		79F23F951794A9C500DEF2E5 /* GCDetailViewController_iPad.xib */ = {
			isa = PBXVariantGroup;
			children = (
				79F23F961794A9C500DEF2E5 /* en */,
			);
			name = GCDetailViewController_iPad.xib;
			sourceTree = "<group>";
		};
/* End PBXVariantGroup section */

/* Begin XCBuildConfiguration section */
		79F23F981794A9C500DEF2E5 /* Debug */ = {
			isa = XCBuildConfiguration;
			buildSettings = {
				ALWAYS_SEARCH_USER_PATHS = NO;
				CLANG_CXX_LANGUAGE_STANDARD = "gnu++0x";
				CLANG_CXX_LIBRARY = "libc++";
				CLANG_ENABLE_OBJC_ARC = YES;
				CLANG_WARN_CONSTANT_CONVERSION = YES;
				CLANG_WARN_EMPTY_BODY = YES;
				CLANG_WARN_ENUM_CONVERSION = YES;
				CLANG_WARN_INT_CONVERSION = YES;
				CLANG_WARN__DUPLICATE_METHOD_MATCH = YES;
				"CODE_SIGN_IDENTITY[sdk=iphoneos*]" = "iPhone Developer";
				COPY_PHASE_STRIP = NO;
				GCC_C_LANGUAGE_STANDARD = gnu99;
				GCC_DYNAMIC_NO_PIC = NO;
				GCC_OPTIMIZATION_LEVEL = 0;
				GCC_PREPROCESSOR_DEFINITIONS = (
					"DEBUG=1",
					"$(inherited)",
				);
				GCC_SYMBOLS_PRIVATE_EXTERN = NO;
				GCC_WARN_ABOUT_RETURN_TYPE = YES;
				GCC_WARN_UNINITIALIZED_AUTOS = YES;
				GCC_WARN_UNUSED_VARIABLE = YES;
				IPHONEOS_DEPLOYMENT_TARGET = 6.1;
				ONLY_ACTIVE_ARCH = YES;
				SDKROOT = iphoneos;
				TARGETED_DEVICE_FAMILY = "1,2";
			};
			name = Debug;
		};
		79F23F991794A9C500DEF2E5 /* Release */ = {
			isa = XCBuildConfiguration;
			buildSettings = {
				ALWAYS_SEARCH_USER_PATHS = NO;
				CLANG_CXX_LANGUAGE_STANDARD = "gnu++0x";
				CLANG_CXX_LIBRARY = "libc++";
				CLANG_ENABLE_OBJC_ARC = YES;
				CLANG_WARN_CONSTANT_CONVERSION = YES;
				CLANG_WARN_EMPTY_BODY = YES;
				CLANG_WARN_ENUM_CONVERSION = YES;
				CLANG_WARN_INT_CONVERSION = YES;
				CLANG_WARN__DUPLICATE_METHOD_MATCH = YES;
				"CODE_SIGN_IDENTITY[sdk=iphoneos*]" = "iPhone Developer";
				COPY_PHASE_STRIP = YES;
				GCC_C_LANGUAGE_STANDARD = gnu99;
				GCC_WARN_ABOUT_RETURN_TYPE = YES;
				GCC_WARN_UNINITIALIZED_AUTOS = YES;
				GCC_WARN_UNUSED_VARIABLE = YES;
				IPHONEOS_DEPLOYMENT_TARGET = 6.1;
				OTHER_CFLAGS = "-DNS_BLOCK_ASSERTIONS=1";
				SDKROOT = iphoneos;
				TARGETED_DEVICE_FAMILY = "1,2";
				VALIDATE_PRODUCT = YES;
			};
			name = Release;
		};
		79F23F9B1794A9C500DEF2E5 /* Debug */ = {
			isa = XCBuildConfiguration;
			buildSettings = {
				GCC_PRECOMPILE_PREFIX_HEADER = YES;
				GCC_PREFIX_HEADER = "Great Convos/Great Convos-Prefix.pch";
				INFOPLIST_FILE = "Great Convos/Great Convos-Info.plist";
				PRODUCT_NAME = "$(TARGET_NAME)";
				WRAPPER_EXTENSION = app;
			};
			name = Debug;
		};
		79F23F9C1794A9C500DEF2E5 /* Release */ = {
			isa = XCBuildConfiguration;
			buildSettings = {
				GCC_PRECOMPILE_PREFIX_HEADER = YES;
				GCC_PREFIX_HEADER = "Great Convos/Great Convos-Prefix.pch";
				INFOPLIST_FILE = "Great Convos/Great Convos-Info.plist";
				PRODUCT_NAME = "$(TARGET_NAME)";
				WRAPPER_EXTENSION = app;
			};
			name = Release;
		};
/* End XCBuildConfiguration section */

/* Begin XCConfigurationList section */
		79F23F611794A9C400DEF2E5 /* Build configuration list for PBXProject "Great Convos" */ = {
			isa = XCConfigurationList;
			buildConfigurations = (
				79F23F981794A9C500DEF2E5 /* Debug */,
				79F23F991794A9C500DEF2E5 /* Release */,
			);
			defaultConfigurationIsVisible = 0;
			defaultConfigurationName = Release;
		};
		79F23F9A1794A9C500DEF2E5 /* Build configuration list for PBXNativeTarget "Great Convos" */ = {
			isa = XCConfigurationList;
			buildConfigurations = (
				79F23F9B1794A9C500DEF2E5 /* Debug */,
				79F23F9C1794A9C500DEF2E5 /* Release */,
			);
			defaultConfigurationIsVisible = 0;
			defaultConfigurationName = Release;
		};
/* End XCConfigurationList section */

/* Begin XCVersionGroup section */
		79F23F831794A9C500DEF2E5 /* Great_Convos.xcdatamodeld */ = {
			isa = XCVersionGroup;
			children = (
				79F23F841794A9C500DEF2E5 /* Great_Convos.xcdatamodel */,
			);
			currentVersion = 79F23F841794A9C500DEF2E5 /* Great_Convos.xcdatamodel */;
			path = Great_Convos.xcdatamodeld;
			sourceTree = "<group>";
			versionGroupType = wrapper.xcdatamodel;
		};
/* End XCVersionGroup section */
	};
	rootObject = 79F23F5E1794A9C400DEF2E5 /* Project object */;
}
